{
  "version": 4,
  "terraform_version": "1.9.2",
  "serial": 73,
  "lineage": "61409841-136a-733b-7ed4-04a8a7f3b522",
  "outputs": {},
  "resources": [
    {
      "mode": "data",
      "type": "google_project",
      "name": "dev_project",
      "provider": "provider[\"registry.terraform.io/hashicorp/google\"]",
      "instances": [
        {
          "schema_version": 0,
          "attributes": {
            "auto_create_network": null,
            "billing_account": "013A1E-1F362A-DA2BF5",
            "deletion_policy": "PREVENT",
            "effective_labels": {
              "firebase": "enabled"
            },
            "folder_id": "",
            "id": "projects/telefonica-425415",
            "labels": {
              "firebase": "enabled"
            },
            "name": "telefonica",
            "number": "314194685860",
            "org_id": "753559315868",
            "project_id": "telefonica-425415",
            "tags": null,
            "terraform_labels": {
              "firebase": "enabled"
            }
          },
          "sensitive_attributes": []
        }
      ]
    },
    {
      "mode": "managed",
      "type": "google_bigquery_dataset",
      "name": "feedback_dataset",
      "provider": "provider[\"registry.terraform.io/hashicorp/google\"]",
      "instances": [
        {
          "schema_version": 0,
          "attributes": {
            "access": [
              {
                "condition": [],
                "dataset": [],
                "domain": "",
                "group_by_email": "",
                "iam_member": "",
                "role": "OWNER",
                "routine": [],
                "special_group": "",
                "user_by_email": "admin@lspataro.altostrat.com",
                "view": []
              },
              {
                "condition": [],
                "dataset": [],
                "domain": "",
                "group_by_email": "",
                "iam_member": "",
                "role": "OWNER",
                "routine": [],
                "special_group": "projectOwners",
                "user_by_email": "",
                "view": []
              },
              {
                "condition": [],
                "dataset": [],
                "domain": "",
                "group_by_email": "",
                "iam_member": "",
                "role": "READER",
                "routine": [],
                "special_group": "projectReaders",
                "user_by_email": "",
                "view": []
              },
              {
                "condition": [],
                "dataset": [],
                "domain": "",
                "group_by_email": "",
                "iam_member": "",
                "role": "WRITER",
                "routine": [],
                "special_group": "projectWriters",
                "user_by_email": "",
                "view": []
              }
            ],
            "creation_time": 1741607514248,
            "dataset_id": "feedback_genai_app_sample_sink",
            "default_collation": "",
            "default_encryption_configuration": [],
            "default_partition_expiration_ms": 0,
            "default_table_expiration_ms": 0,
            "delete_contents_on_destroy": false,
            "description": "",
            "effective_labels": {
              "goog-terraform-provisioned": "true"
            },
            "etag": "ARpYzXVzRHuQQoqwox1PIA==",
            "external_dataset_reference": [],
            "friendly_name": "feedback_genai_app_sample_sink",
            "id": "projects/telefonica-425415/datasets/feedback_genai_app_sample_sink",
            "is_case_insensitive": false,
            "labels": {},
            "last_modified_time": 1741607514248,
            "location": "us-central1",
            "max_time_travel_hours": "168",
            "project": "telefonica-425415",
            "resource_tags": {},
            "self_link": "https://bigquery.googleapis.com/bigquery/v2/projects/telefonica-425415/datasets/feedback_genai_app_sample_sink",
            "storage_billing_model": "",
            "terraform_labels": {
              "goog-terraform-provisioned": "true"
            },
            "timeouts": null
          },
          "sensitive_attributes": [],
          "private": "eyJlMmJmYjczMC1lY2FhLTExZTYtOGY4OC0zNDM2M2JjN2M0YzAiOnsiY3JlYXRlIjoxMjAwMDAwMDAwMDAwLCJkZWxldGUiOjEyMDAwMDAwMDAwMDAsInVwZGF0ZSI6MTIwMDAwMDAwMDAwMH19",
          "dependencies": [
            "google_project_service.services"
          ]
        }
      ]
    },
    {
      "mode": "managed",
      "type": "google_bigquery_dataset",
      "name": "telemetry_logs_dataset",
      "provider": "provider[\"registry.terraform.io/hashicorp/google\"]",
      "instances": [
        {
          "schema_version": 0,
          "attributes": {
            "access": [
              {
                "condition": [],
                "dataset": [],
                "domain": "",
                "group_by_email": "",
                "iam_member": "",
                "role": "OWNER",
                "routine": [],
                "special_group": "",
                "user_by_email": "admin@lspataro.altostrat.com",
                "view": []
              },
              {
                "condition": [],
                "dataset": [],
                "domain": "",
                "group_by_email": "",
                "iam_member": "",
                "role": "OWNER",
                "routine": [],
                "special_group": "projectOwners",
                "user_by_email": "",
                "view": []
              },
              {
                "condition": [],
                "dataset": [],
                "domain": "",
                "group_by_email": "",
                "iam_member": "",
                "role": "READER",
                "routine": [],
                "special_group": "projectReaders",
                "user_by_email": "",
                "view": []
              },
              {
                "condition": [],
                "dataset": [],
                "domain": "",
                "group_by_email": "",
                "iam_member": "",
                "role": "WRITER",
                "routine": [],
                "special_group": "projectWriters",
                "user_by_email": "",
                "view": []
              }
            ],
            "creation_time": 1741607514246,
            "dataset_id": "telemetry_genai_app_sample_sink",
            "default_collation": "",
            "default_encryption_configuration": [],
            "default_partition_expiration_ms": 0,
            "default_table_expiration_ms": 0,
            "delete_contents_on_destroy": false,
            "description": "",
            "effective_labels": {
              "goog-terraform-provisioned": "true"
            },
            "etag": "h2iLelGhZa57ULBthmFXrg==",
            "external_dataset_reference": [],
            "friendly_name": "telemetry_genai_app_sample_sink",
            "id": "projects/telefonica-425415/datasets/telemetry_genai_app_sample_sink",
            "is_case_insensitive": false,
            "labels": {},
            "last_modified_time": 1741607514246,
            "location": "us-central1",
            "max_time_travel_hours": "168",
            "project": "telefonica-425415",
            "resource_tags": {},
            "self_link": "https://bigquery.googleapis.com/bigquery/v2/projects/telefonica-425415/datasets/telemetry_genai_app_sample_sink",
            "storage_billing_model": "",
            "terraform_labels": {
              "goog-terraform-provisioned": "true"
            },
            "timeouts": null
          },
          "sensitive_attributes": [],
          "private": "eyJlMmJmYjczMC1lY2FhLTExZTYtOGY4OC0zNDM2M2JjN2M0YzAiOnsiY3JlYXRlIjoxMjAwMDAwMDAwMDAwLCJkZWxldGUiOjEyMDAwMDAwMDAwMDAsInVwZGF0ZSI6MTIwMDAwMDAwMDAwMH19",
          "dependencies": [
            "google_project_service.services"
          ]
        }
      ]
    },
    {
      "mode": "managed",
      "type": "google_discovery_engine_data_store",
      "name": "data_store_dev",
      "provider": "provider[\"registry.terraform.io/hashicorp/google\"].dev_billing_override",
      "instances": [
        {
          "schema_version": 0,
          "attributes": {
            "advanced_site_search_config": [],
            "content_config": "NO_CONTENT",
            "create_advanced_site_search": false,
            "create_time": "2025-03-10T11:46:47.812323Z",
            "data_store_id": "sample-datastore",
            "default_schema_id": "default_schema",
            "display_name": "sample-datastore",
            "document_processing_config": [],
            "id": "projects/telefonica-425415/locations/us/collections/default_collection/dataStores/sample-datastore",
            "industry_vertical": "GENERIC",
            "location": "us",
            "name": "projects/314194685860/locations/us/collections/default_collection/dataStores/sample-datastore",
            "project": "telefonica-425415",
            "skip_default_schema_creation": false,
            "solution_types": [
              "SOLUTION_TYPE_SEARCH"
            ],
            "timeouts": null
          },
          "sensitive_attributes": [],
          "private": "eyJlMmJmYjczMC1lY2FhLTExZTYtOGY4OC0zNDM2M2JjN2M0YzAiOnsiY3JlYXRlIjoxMjAwMDAwMDAwMDAwLCJkZWxldGUiOjEyMDAwMDAwMDAwMDAsInVwZGF0ZSI6MTIwMDAwMDAwMDAwMH19",
          "dependencies": [
            "google_project_service.services"
          ]
        }
      ]
    },
    {
      "mode": "managed",
      "type": "google_discovery_engine_search_engine",
      "name": "search_engine_dev",
      "provider": "provider[\"registry.terraform.io/hashicorp/google\"].dev_billing_override",
      "instances": [
        {
          "schema_version": 0,
          "attributes": {
            "collection_id": "default_collection",
            "common_config": [],
            "create_time": "",
            "data_store_ids": [
              "sample-datastore"
            ],
            "display_name": "Search Engine App Staging",
            "engine_id": "sample-search-engine",
            "id": "projects/telefonica-425415/locations/us/collections/default_collection/engines/sample-search-engine",
            "industry_vertical": "GENERIC",
            "location": "us",
            "name": "projects/314194685860/locations/us/collections/default_collection/engines/sample-search-engine",
            "project": "telefonica-425415",
            "search_engine_config": [
              {
                "search_add_ons": [],
                "search_tier": "SEARCH_TIER_ENTERPRISE"
              }
            ],
            "timeouts": null,
            "update_time": ""
          },
          "sensitive_attributes": [],
          "private": "eyJlMmJmYjczMC1lY2FhLTExZTYtOGY4OC0zNDM2M2JjN2M0YzAiOnsiY3JlYXRlIjoxMjAwMDAwMDAwMDAwLCJkZWxldGUiOjEyMDAwMDAwMDAwMDAsInVwZGF0ZSI6MTIwMDAwMDAwMDAwMH19",
          "dependencies": [
            "google_discovery_engine_data_store.data_store_dev",
            "google_project_service.services"
          ]
        }
      ]
    },
    {
      "mode": "managed",
      "type": "google_project_iam_member",
      "name": "bigquery_data_editor",
      "provider": "provider[\"registry.terraform.io/hashicorp/google\"]",
      "instances": [
        {
          "schema_version": 0,
          "attributes": {
            "condition": [],
            "etag": "BwYv+7kw1ek=",
            "id": "telefonica-425415/roles/bigquery.dataEditor/serviceAccount:service-314194685860@gcp-sa-logging.iam.gserviceaccount.com",
            "member": "serviceAccount:service-314194685860@gcp-sa-logging.iam.gserviceaccount.com",
            "project": "telefonica-425415",
            "role": "roles/bigquery.dataEditor"
          },
          "sensitive_attributes": [],
          "private": "bnVsbA==",
          "dependencies": [
            "google_project_service.services",
            "module.log_export_to_bigquery.google_logging_billing_account_sink.sink",
            "module.log_export_to_bigquery.google_logging_folder_sink.sink",
            "module.log_export_to_bigquery.google_logging_organization_sink.sink",
            "module.log_export_to_bigquery.google_logging_project_sink.sink"
          ]
        }
      ]
    },
    {
      "mode": "managed",
      "type": "google_project_iam_member",
      "name": "cloud_run_app_sa_roles",
      "provider": "provider[\"registry.terraform.io/hashicorp/google\"]",
      "instances": [
        {
          "index_key": "dev,roles/aiplatform.user",
          "schema_version": 0,
          "attributes": {
            "condition": [],
            "etag": "BwYv+7kw1ek=",
            "id": "telefonica-425415/roles/aiplatform.user/serviceAccount:vector-search-integration-cr@telefonica-425415.iam.gserviceaccount.com",
            "member": "serviceAccount:vector-search-integration-cr@telefonica-425415.iam.gserviceaccount.com",
            "project": "telefonica-425415",
            "role": "roles/aiplatform.user"
          },
          "sensitive_attributes": [],
          "private": "bnVsbA==",
          "dependencies": [
            "google_project_service.services",
            "google_service_account.cloud_run_app_sa"
          ]
        },
        {
          "index_key": "dev,roles/cloudtrace.agent",
          "schema_version": 0,
          "attributes": {
            "condition": [],
            "etag": "BwYv+7kw1ek=",
            "id": "telefonica-425415/roles/cloudtrace.agent/serviceAccount:vector-search-integration-cr@telefonica-425415.iam.gserviceaccount.com",
            "member": "serviceAccount:vector-search-integration-cr@telefonica-425415.iam.gserviceaccount.com",
            "project": "telefonica-425415",
            "role": "roles/cloudtrace.agent"
          },
          "sensitive_attributes": [],
          "private": "bnVsbA==",
          "dependencies": [
            "google_project_service.services",
            "google_service_account.cloud_run_app_sa"
          ]
        },
        {
          "index_key": "dev,roles/discoveryengine.editor",
          "schema_version": 0,
          "attributes": {
            "condition": [],
            "etag": "BwYv+7kw1ek=",
            "id": "telefonica-425415/roles/discoveryengine.editor/serviceAccount:vector-search-integration-cr@telefonica-425415.iam.gserviceaccount.com",
            "member": "serviceAccount:vector-search-integration-cr@telefonica-425415.iam.gserviceaccount.com",
            "project": "telefonica-425415",
            "role": "roles/discoveryengine.editor"
          },
          "sensitive_attributes": [],
          "private": "bnVsbA==",
          "dependencies": [
            "google_project_service.services",
            "google_service_account.cloud_run_app_sa"
          ]
        },
        {
          "index_key": "dev,roles/logging.logWriter",
          "schema_version": 0,
          "attributes": {
            "condition": [],
            "etag": "BwYv+7kw1ek=",
            "id": "telefonica-425415/roles/logging.logWriter/serviceAccount:vector-search-integration-cr@telefonica-425415.iam.gserviceaccount.com",
            "member": "serviceAccount:vector-search-integration-cr@telefonica-425415.iam.gserviceaccount.com",
            "project": "telefonica-425415",
            "role": "roles/logging.logWriter"
          },
          "sensitive_attributes": [],
          "private": "bnVsbA==",
          "dependencies": [
            "google_project_service.services",
            "google_service_account.cloud_run_app_sa"
          ]
        },
        {
          "index_key": "dev,roles/storage.admin",
          "schema_version": 0,
          "attributes": {
            "condition": [],
            "etag": "BwYv+7kw1ek=",
            "id": "telefonica-425415/roles/storage.admin/serviceAccount:vector-search-integration-cr@telefonica-425415.iam.gserviceaccount.com",
            "member": "serviceAccount:vector-search-integration-cr@telefonica-425415.iam.gserviceaccount.com",
            "project": "telefonica-425415",
            "role": "roles/storage.admin"
          },
          "sensitive_attributes": [],
          "private": "bnVsbA==",
          "dependencies": [
            "google_project_service.services",
            "google_service_account.cloud_run_app_sa"
          ]
        }
      ]
    },
    {
      "mode": "managed",
      "type": "google_project_iam_member",
      "name": "default_compute_sa_storage_object_creator",
      "provider": "provider[\"registry.terraform.io/hashicorp/google\"]",
      "instances": [
        {
          "schema_version": 0,
          "attributes": {
            "condition": [],
            "etag": "BwYv+7kw1ek=",
            "id": "telefonica-425415/roles/cloudbuild.builds.builder/serviceAccount:314194685860-compute@developer.gserviceaccount.com",
            "member": "serviceAccount:314194685860-compute@developer.gserviceaccount.com",
            "project": "telefonica-425415",
            "role": "roles/cloudbuild.builds.builder"
          },
          "sensitive_attributes": [],
          "private": "bnVsbA==",
          "dependencies": [
            "data.google_project.dev_project",
            "google_project_service.services"
          ]
        }
      ]
    },
    {
      "mode": "managed",
      "type": "google_project_iam_member",
      "name": "vertexai_pipeline_sa_roles",
      "provider": "provider[\"registry.terraform.io/hashicorp/google\"]",
      "instances": [
        {
          "index_key": "dev,roles/aiplatform.user",
          "schema_version": 0,
          "attributes": {
            "condition": [],
            "etag": "BwYv+7kw1ek=",
            "id": "telefonica-425415/roles/aiplatform.user/serviceAccount:vertexai-pipelines-sa@telefonica-425415.iam.gserviceaccount.com",
            "member": "serviceAccount:vertexai-pipelines-sa@telefonica-425415.iam.gserviceaccount.com",
            "project": "telefonica-425415",
            "role": "roles/aiplatform.user"
          },
          "sensitive_attributes": [],
          "private": "bnVsbA==",
          "dependencies": [
            "google_project_service.services",
            "google_service_account.vertexai_pipeline_app_sa"
          ]
        },
        {
          "index_key": "dev,roles/artifactregistry.writer",
          "schema_version": 0,
          "attributes": {
            "condition": [],
            "etag": "BwYv+7kw1ek=",
            "id": "telefonica-425415/roles/artifactregistry.writer/serviceAccount:vertexai-pipelines-sa@telefonica-425415.iam.gserviceaccount.com",
            "member": "serviceAccount:vertexai-pipelines-sa@telefonica-425415.iam.gserviceaccount.com",
            "project": "telefonica-425415",
            "role": "roles/artifactregistry.writer"
          },
          "sensitive_attributes": [],
          "private": "bnVsbA==",
          "dependencies": [
            "google_project_service.services",
            "google_service_account.vertexai_pipeline_app_sa"
          ]
        },
        {
          "index_key": "dev,roles/bigquery.connectionAdmin",
          "schema_version": 0,
          "attributes": {
            "condition": [],
            "etag": "BwYv+7kw1ek=",
            "id": "telefonica-425415/roles/bigquery.connectionAdmin/serviceAccount:vertexai-pipelines-sa@telefonica-425415.iam.gserviceaccount.com",
            "member": "serviceAccount:vertexai-pipelines-sa@telefonica-425415.iam.gserviceaccount.com",
            "project": "telefonica-425415",
            "role": "roles/bigquery.connectionAdmin"
          },
          "sensitive_attributes": [],
          "private": "bnVsbA==",
          "dependencies": [
            "google_project_service.services",
            "google_service_account.vertexai_pipeline_app_sa"
          ]
        },
        {
          "index_key": "dev,roles/bigquery.dataEditor",
          "schema_version": 0,
          "attributes": {
            "condition": [],
            "etag": "BwYv+7kw1ek=",
            "id": "telefonica-425415/roles/bigquery.dataEditor/serviceAccount:vertexai-pipelines-sa@telefonica-425415.iam.gserviceaccount.com",
            "member": "serviceAccount:vertexai-pipelines-sa@telefonica-425415.iam.gserviceaccount.com",
            "project": "telefonica-425415",
            "role": "roles/bigquery.dataEditor"
          },
          "sensitive_attributes": [],
          "private": "bnVsbA==",
          "dependencies": [
            "google_project_service.services",
            "google_service_account.vertexai_pipeline_app_sa"
          ]
        },
        {
          "index_key": "dev,roles/bigquery.jobUser",
          "schema_version": 0,
          "attributes": {
            "condition": [],
            "etag": "BwYv+7kw1ek=",
            "id": "telefonica-425415/roles/bigquery.jobUser/serviceAccount:vertexai-pipelines-sa@telefonica-425415.iam.gserviceaccount.com",
            "member": "serviceAccount:vertexai-pipelines-sa@telefonica-425415.iam.gserviceaccount.com",
            "project": "telefonica-425415",
            "role": "roles/bigquery.jobUser"
          },
          "sensitive_attributes": [],
          "private": "bnVsbA==",
          "dependencies": [
            "google_project_service.services",
            "google_service_account.vertexai_pipeline_app_sa"
          ]
        },
        {
          "index_key": "dev,roles/bigquery.readSessionUser",
          "schema_version": 0,
          "attributes": {
            "condition": [],
            "etag": "BwYv+7kw1ek=",
            "id": "telefonica-425415/roles/bigquery.readSessionUser/serviceAccount:vertexai-pipelines-sa@telefonica-425415.iam.gserviceaccount.com",
            "member": "serviceAccount:vertexai-pipelines-sa@telefonica-425415.iam.gserviceaccount.com",
            "project": "telefonica-425415",
            "role": "roles/bigquery.readSessionUser"
          },
          "sensitive_attributes": [],
          "private": "bnVsbA==",
          "dependencies": [
            "google_project_service.services",
            "google_service_account.vertexai_pipeline_app_sa"
          ]
        },
        {
          "index_key": "dev,roles/discoveryengine.admin",
          "schema_version": 0,
          "attributes": {
            "condition": [],
            "etag": "BwYv+7kw1ek=",
            "id": "telefonica-425415/roles/discoveryengine.admin/serviceAccount:vertexai-pipelines-sa@telefonica-425415.iam.gserviceaccount.com",
            "member": "serviceAccount:vertexai-pipelines-sa@telefonica-425415.iam.gserviceaccount.com",
            "project": "telefonica-425415",
            "role": "roles/discoveryengine.admin"
          },
          "sensitive_attributes": [],
          "private": "bnVsbA==",
          "dependencies": [
            "google_project_service.services",
            "google_service_account.vertexai_pipeline_app_sa"
          ]
        },
        {
          "index_key": "dev,roles/logging.logWriter",
          "schema_version": 0,
          "attributes": {
            "condition": [],
            "etag": "BwYv+7kw1ek=",
            "id": "telefonica-425415/roles/logging.logWriter/serviceAccount:vertexai-pipelines-sa@telefonica-425415.iam.gserviceaccount.com",
            "member": "serviceAccount:vertexai-pipelines-sa@telefonica-425415.iam.gserviceaccount.com",
            "project": "telefonica-425415",
            "role": "roles/logging.logWriter"
          },
          "sensitive_attributes": [],
          "private": "bnVsbA==",
          "dependencies": [
            "google_project_service.services",
            "google_service_account.vertexai_pipeline_app_sa"
          ]
        },
        {
          "index_key": "dev,roles/resourcemanager.projectIamAdmin",
          "schema_version": 0,
          "attributes": {
            "condition": [],
            "etag": "BwYv+7kw1ek=",
            "id": "telefonica-425415/roles/resourcemanager.projectIamAdmin/serviceAccount:vertexai-pipelines-sa@telefonica-425415.iam.gserviceaccount.com",
            "member": "serviceAccount:vertexai-pipelines-sa@telefonica-425415.iam.gserviceaccount.com",
            "project": "telefonica-425415",
            "role": "roles/resourcemanager.projectIamAdmin"
          },
          "sensitive_attributes": [],
          "private": "bnVsbA==",
          "dependencies": [
            "google_project_service.services",
            "google_service_account.vertexai_pipeline_app_sa"
          ]
        },
        {
          "index_key": "dev,roles/run.invoker",
          "schema_version": 0,
          "attributes": {
            "condition": [],
            "etag": "BwYv+7kw1ek=",
            "id": "telefonica-425415/roles/run.invoker/serviceAccount:vertexai-pipelines-sa@telefonica-425415.iam.gserviceaccount.com",
            "member": "serviceAccount:vertexai-pipelines-sa@telefonica-425415.iam.gserviceaccount.com",
            "project": "telefonica-425415",
            "role": "roles/run.invoker"
          },
          "sensitive_attributes": [],
          "private": "bnVsbA==",
          "dependencies": [
            "google_project_service.services",
            "google_service_account.vertexai_pipeline_app_sa"
          ]
        },
        {
          "index_key": "dev,roles/storage.admin",
          "schema_version": 0,
          "attributes": {
            "condition": [],
            "etag": "BwYv+7kw1ek=",
            "id": "telefonica-425415/roles/storage.admin/serviceAccount:vertexai-pipelines-sa@telefonica-425415.iam.gserviceaccount.com",
            "member": "serviceAccount:vertexai-pipelines-sa@telefonica-425415.iam.gserviceaccount.com",
            "project": "telefonica-425415",
            "role": "roles/storage.admin"
          },
          "sensitive_attributes": [],
          "private": "bnVsbA==",
          "dependencies": [
            "google_project_service.services",
            "google_service_account.vertexai_pipeline_app_sa"
          ]
        }
      ]
    },
    {
      "mode": "managed",
      "type": "google_project_service",
      "name": "services",
      "provider": "provider[\"registry.terraform.io/hashicorp/google\"]",
      "instances": [
        {
          "index_key": 0,
          "schema_version": 0,
          "attributes": {
            "disable_dependent_services": null,
            "disable_on_destroy": false,
            "id": "telefonica-425415/aiplatform.googleapis.com",
            "project": "telefonica-425415",
            "service": "aiplatform.googleapis.com",
            "timeouts": null
          },
          "sensitive_attributes": [],
          "private": "eyJlMmJmYjczMC1lY2FhLTExZTYtOGY4OC0zNDM2M2JjN2M0YzAiOnsiY3JlYXRlIjoxMjAwMDAwMDAwMDAwLCJkZWxldGUiOjEyMDAwMDAwMDAwMDAsInJlYWQiOjYwMDAwMDAwMDAwMCwidXBkYXRlIjoxMjAwMDAwMDAwMDAwfX0="
        },
        {
          "index_key": 1,
          "schema_version": 0,
          "attributes": {
            "disable_dependent_services": null,
            "disable_on_destroy": false,
            "id": "telefonica-425415/cloudbuild.googleapis.com",
            "project": "telefonica-425415",
            "service": "cloudbuild.googleapis.com",
            "timeouts": null
          },
          "sensitive_attributes": [],
          "private": "eyJlMmJmYjczMC1lY2FhLTExZTYtOGY4OC0zNDM2M2JjN2M0YzAiOnsiY3JlYXRlIjoxMjAwMDAwMDAwMDAwLCJkZWxldGUiOjEyMDAwMDAwMDAwMDAsInJlYWQiOjYwMDAwMDAwMDAwMCwidXBkYXRlIjoxMjAwMDAwMDAwMDAwfX0="
        },
        {
          "index_key": 2,
          "schema_version": 0,
          "attributes": {
            "disable_dependent_services": null,
            "disable_on_destroy": false,
            "id": "telefonica-425415/run.googleapis.com",
            "project": "telefonica-425415",
            "service": "run.googleapis.com",
            "timeouts": null
          },
          "sensitive_attributes": [],
          "private": "eyJlMmJmYjczMC1lY2FhLTExZTYtOGY4OC0zNDM2M2JjN2M0YzAiOnsiY3JlYXRlIjoxMjAwMDAwMDAwMDAwLCJkZWxldGUiOjEyMDAwMDAwMDAwMDAsInJlYWQiOjYwMDAwMDAwMDAwMCwidXBkYXRlIjoxMjAwMDAwMDAwMDAwfX0="
        },
        {
          "index_key": 3,
          "schema_version": 0,
          "attributes": {
            "disable_dependent_services": null,
            "disable_on_destroy": false,
            "id": "telefonica-425415/bigquery.googleapis.com",
            "project": "telefonica-425415",
            "service": "bigquery.googleapis.com",
            "timeouts": null
          },
          "sensitive_attributes": [],
          "private": "eyJlMmJmYjczMC1lY2FhLTExZTYtOGY4OC0zNDM2M2JjN2M0YzAiOnsiY3JlYXRlIjoxMjAwMDAwMDAwMDAwLCJkZWxldGUiOjEyMDAwMDAwMDAwMDAsInJlYWQiOjYwMDAwMDAwMDAwMCwidXBkYXRlIjoxMjAwMDAwMDAwMDAwfX0="
        },
        {
          "index_key": 4,
          "schema_version": 0,
          "attributes": {
            "disable_dependent_services": null,
            "disable_on_destroy": false,
            "id": "telefonica-425415/discoveryengine.googleapis.com",
            "project": "telefonica-425415",
            "service": "discoveryengine.googleapis.com",
            "timeouts": null
          },
          "sensitive_attributes": [],
          "private": "eyJlMmJmYjczMC1lY2FhLTExZTYtOGY4OC0zNDM2M2JjN2M0YzAiOnsiY3JlYXRlIjoxMjAwMDAwMDAwMDAwLCJkZWxldGUiOjEyMDAwMDAwMDAwMDAsInJlYWQiOjYwMDAwMDAwMDAwMCwidXBkYXRlIjoxMjAwMDAwMDAwMDAwfX0="
        },
        {
          "index_key": 5,
          "schema_version": 0,
          "attributes": {
            "disable_dependent_services": null,
            "disable_on_destroy": false,
            "id": "telefonica-425415/cloudresourcemanager.googleapis.com",
            "project": "telefonica-425415",
            "service": "cloudresourcemanager.googleapis.com",
            "timeouts": null
          },
          "sensitive_attributes": [],
          "private": "eyJlMmJmYjczMC1lY2FhLTExZTYtOGY4OC0zNDM2M2JjN2M0YzAiOnsiY3JlYXRlIjoxMjAwMDAwMDAwMDAwLCJkZWxldGUiOjEyMDAwMDAwMDAwMDAsInJlYWQiOjYwMDAwMDAwMDAwMCwidXBkYXRlIjoxMjAwMDAwMDAwMDAwfX0="
        },
        {
          "index_key": 6,
          "schema_version": 0,
          "attributes": {
            "disable_dependent_services": null,
            "disable_on_destroy": false,
            "id": "telefonica-425415/iam.googleapis.com",
            "project": "telefonica-425415",
            "service": "iam.googleapis.com",
            "timeouts": null
          },
          "sensitive_attributes": [],
          "private": "eyJlMmJmYjczMC1lY2FhLTExZTYtOGY4OC0zNDM2M2JjN2M0YzAiOnsiY3JlYXRlIjoxMjAwMDAwMDAwMDAwLCJkZWxldGUiOjEyMDAwMDAwMDAwMDAsInJlYWQiOjYwMDAwMDAwMDAwMCwidXBkYXRlIjoxMjAwMDAwMDAwMDAwfX0="
        },
        {
          "index_key": 7,
          "schema_version": 0,
          "attributes": {
            "disable_dependent_services": null,
            "disable_on_destroy": false,
            "id": "telefonica-425415/bigquery.googleapis.com",
            "project": "telefonica-425415",
            "service": "bigquery.googleapis.com",
            "timeouts": null
          },
          "sensitive_attributes": [],
          "private": "eyJlMmJmYjczMC1lY2FhLTExZTYtOGY4OC0zNDM2M2JjN2M0YzAiOnsiY3JlYXRlIjoxMjAwMDAwMDAwMDAwLCJkZWxldGUiOjEyMDAwMDAwMDAwMDAsInJlYWQiOjYwMDAwMDAwMDAwMCwidXBkYXRlIjoxMjAwMDAwMDAwMDAwfX0="
        },
        {
          "index_key": 8,
          "schema_version": 0,
          "attributes": {
            "disable_dependent_services": null,
            "disable_on_destroy": false,
            "id": "telefonica-425415/serviceusage.googleapis.com",
            "project": "telefonica-425415",
            "service": "serviceusage.googleapis.com",
            "timeouts": null
          },
          "sensitive_attributes": [],
          "private": "eyJlMmJmYjczMC1lY2FhLTExZTYtOGY4OC0zNDM2M2JjN2M0YzAiOnsiY3JlYXRlIjoxMjAwMDAwMDAwMDAwLCJkZWxldGUiOjEyMDAwMDAwMDAwMDAsInJlYWQiOjYwMDAwMDAwMDAwMCwidXBkYXRlIjoxMjAwMDAwMDAwMDAwfX0="
        },
        {
          "index_key": 9,
          "schema_version": 0,
          "attributes": {
            "disable_dependent_services": null,
            "disable_on_destroy": false,
            "id": "telefonica-425415/logging.googleapis.com",
            "project": "telefonica-425415",
            "service": "logging.googleapis.com",
            "timeouts": null
          },
          "sensitive_attributes": [],
          "private": "eyJlMmJmYjczMC1lY2FhLTExZTYtOGY4OC0zNDM2M2JjN2M0YzAiOnsiY3JlYXRlIjoxMjAwMDAwMDAwMDAwLCJkZWxldGUiOjEyMDAwMDAwMDAwMDAsInJlYWQiOjYwMDAwMDAwMDAwMCwidXBkYXRlIjoxMjAwMDAwMDAwMDAwfX0="
        },
        {
          "index_key": 10,
          "schema_version": 0,
          "attributes": {
            "disable_dependent_services": null,
            "disable_on_destroy": false,
            "id": "telefonica-425415/cloudtrace.googleapis.com",
            "project": "telefonica-425415",
            "service": "cloudtrace.googleapis.com",
            "timeouts": null
          },
          "sensitive_attributes": [],
          "private": "eyJlMmJmYjczMC1lY2FhLTExZTYtOGY4OC0zNDM2M2JjN2M0YzAiOnsiY3JlYXRlIjoxMjAwMDAwMDAwMDAwLCJkZWxldGUiOjEyMDAwMDAwMDAwMDAsInJlYWQiOjYwMDAwMDAwMDAwMCwidXBkYXRlIjoxMjAwMDAwMDAwMDAwfX0="
        }
      ]
    },
    {
      "mode": "managed",
      "type": "google_project_service_identity",
      "name": "vertex_sa",
      "provider": "provider[\"registry.terraform.io/hashicorp/google-beta\"]",
      "instances": [
        {
          "schema_version": 0,
          "attributes": {
            "email": "service-314194685860@gcp-sa-aiplatform.iam.gserviceaccount.com",
            "id": "projects/telefonica-425415/services/aiplatform.googleapis.com",
            "member": "serviceAccount:service-314194685860@gcp-sa-aiplatform.iam.gserviceaccount.com",
            "project": "telefonica-425415",
            "service": "aiplatform.googleapis.com",
            "timeouts": null
          },
          "sensitive_attributes": [],
          "private": "eyJlMmJmYjczMC1lY2FhLTExZTYtOGY4OC0zNDM2M2JjN2M0YzAiOnsiY3JlYXRlIjoxMjAwMDAwMDAwMDAwLCJkZWxldGUiOjEyMDAwMDAwMDAwMDAsInJlYWQiOjYwMDAwMDAwMDAwMH19"
        }
      ]
    },
    {
      "mode": "managed",
      "type": "google_service_account",
      "name": "cloud_run_app_sa",
      "provider": "provider[\"registry.terraform.io/hashicorp/google\"]",
      "instances": [
        {
          "schema_version": 0,
          "attributes": {
            "account_id": "vector-search-integration-cr",
            "create_ignore_already_exists": null,
            "description": "",
            "disabled": false,
            "display_name": "Cloud Run Generative AI app SA",
            "email": "vector-search-integration-cr@telefonica-425415.iam.gserviceaccount.com",
            "id": "projects/telefonica-425415/serviceAccounts/vector-search-integration-cr@telefonica-425415.iam.gserviceaccount.com",
            "member": "serviceAccount:vector-search-integration-cr@telefonica-425415.iam.gserviceaccount.com",
            "name": "projects/telefonica-425415/serviceAccounts/vector-search-integration-cr@telefonica-425415.iam.gserviceaccount.com",
            "project": "telefonica-425415",
            "timeouts": null,
            "unique_id": "113624329403264150486"
          },
          "sensitive_attributes": [],
          "private": "eyJlMmJmYjczMC1lY2FhLTExZTYtOGY4OC0zNDM2M2JjN2M0YzAiOnsiY3JlYXRlIjozMDAwMDAwMDAwMDB9fQ==",
          "dependencies": [
            "google_project_service.services"
          ]
        }
      ]
    },
    {
      "mode": "managed",
      "type": "google_service_account",
      "name": "vertexai_pipeline_app_sa",
      "provider": "provider[\"registry.terraform.io/hashicorp/google\"]",
      "instances": [
        {
          "index_key": "dev",
          "schema_version": 0,
          "attributes": {
            "account_id": "vertexai-pipelines-sa",
            "create_ignore_already_exists": null,
            "description": "",
            "disabled": false,
            "display_name": "Vertex AI Pipeline app SA",
            "email": "vertexai-pipelines-sa@telefonica-425415.iam.gserviceaccount.com",
            "id": "projects/telefonica-425415/serviceAccounts/vertexai-pipelines-sa@telefonica-425415.iam.gserviceaccount.com",
            "member": "serviceAccount:vertexai-pipelines-sa@telefonica-425415.iam.gserviceaccount.com",
            "name": "projects/telefonica-425415/serviceAccounts/vertexai-pipelines-sa@telefonica-425415.iam.gserviceaccount.com",
            "project": "telefonica-425415",
            "timeouts": null,
            "unique_id": "105835890994814208596"
          },
          "sensitive_attributes": [],
          "private": "eyJlMmJmYjczMC1lY2FhLTExZTYtOGY4OC0zNDM2M2JjN2M0YzAiOnsiY3JlYXRlIjozMDAwMDAwMDAwMDB9fQ==",
          "dependencies": [
            "google_project_service.services"
          ]
        }
      ]
    },
    {
      "mode": "managed",
      "type": "google_storage_bucket",
      "name": "data_ingestion_PIPELINE_GCS_ROOT",
      "provider": "provider[\"registry.terraform.io/hashicorp/google\"]",
      "instances": [
        {
          "schema_version": 3,
          "attributes": {
            "autoclass": [],
            "cors": [],
            "custom_placement_config": [],
            "default_event_based_hold": false,
            "effective_labels": {
              "goog-terraform-provisioned": "true"
            },
            "enable_object_retention": false,
            "encryption": [],
            "force_destroy": true,
            "hierarchical_namespace": [
              {
                "enabled": false
              }
            ],
            "id": "telefonica-425415-pipeline-artifacts",
            "labels": {},
            "lifecycle_rule": [],
            "location": "US-CENTRAL1",
            "logging": [],
            "name": "telefonica-425415-pipeline-artifacts",
            "project": "telefonica-425415",
            "project_number": 314194685860,
            "public_access_prevention": "inherited",
            "requester_pays": false,
            "retention_policy": [],
            "rpo": null,
            "self_link": "https://www.googleapis.com/storage/v1/b/telefonica-425415-pipeline-artifacts",
            "soft_delete_policy": [
              {
                "effective_time": "2025-03-10T11:50:18.172Z",
                "retention_duration_seconds": 604800
              }
            ],
            "storage_class": "STANDARD",
            "terraform_labels": {
              "goog-terraform-provisioned": "true"
            },
            "timeouts": null,
            "uniform_bucket_level_access": true,
            "url": "gs://telefonica-425415-pipeline-artifacts",
            "versioning": [],
            "website": []
          },
          "sensitive_attributes": [],
          "private": "eyJlMmJmYjczMC1lY2FhLTExZTYtOGY4OC0zNDM2M2JjN2M0YzAiOnsiY3JlYXRlIjo2MDAwMDAwMDAwMDAsInJlYWQiOjI0MDAwMDAwMDAwMCwidXBkYXRlIjoyNDAwMDAwMDAwMDB9LCJzY2hlbWFfdmVyc2lvbiI6IjMifQ==",
          "dependencies": [
            "google_project_service.services"
          ]
        }
      ]
    },
    {
      "mode": "managed",
      "type": "google_storage_bucket",
      "name": "logs_data_bucket",
      "provider": "provider[\"registry.terraform.io/hashicorp/google\"]",
      "instances": [
        {
          "schema_version": 3,
          "attributes": {
            "autoclass": [],
            "cors": [],
            "custom_placement_config": [],
            "default_event_based_hold": false,
            "effective_labels": {
              "goog-terraform-provisioned": "true"
            },
            "enable_object_retention": false,
            "encryption": [],
            "force_destroy": false,
            "hierarchical_namespace": [
              {
                "enabled": false
              }
            ],
            "id": "telefonica-425415-logs-data",
            "labels": {},
            "lifecycle_rule": [],
            "location": "US-CENTRAL1",
            "logging": [],
            "name": "telefonica-425415-logs-data",
            "project": "telefonica-425415",
            "project_number": 314194685860,
            "public_access_prevention": "inherited",
            "requester_pays": false,
            "retention_policy": [],
            "rpo": null,
            "self_link": "https://www.googleapis.com/storage/v1/b/telefonica-425415-logs-data",
            "soft_delete_policy": [
              {
                "effective_time": "2025-03-10T11:50:18.169Z",
                "retention_duration_seconds": 604800
              }
            ],
            "storage_class": "STANDARD",
            "terraform_labels": {
              "goog-terraform-provisioned": "true"
            },
            "timeouts": null,
            "uniform_bucket_level_access": true,
            "url": "gs://telefonica-425415-logs-data",
            "versioning": [],
            "website": []
          },
          "sensitive_attributes": [],
          "private": "eyJlMmJmYjczMC1lY2FhLTExZTYtOGY4OC0zNDM2M2JjN2M0YzAiOnsiY3JlYXRlIjo2MDAwMDAwMDAwMDAsInJlYWQiOjI0MDAwMDAwMDAwMCwidXBkYXRlIjoyNDAwMDAwMDAwMDB9LCJzY2hlbWFfdmVyc2lvbiI6IjMifQ==",
          "dependencies": [
            "google_project_service.services"
          ]
        }
      ]
    },
    {
      "mode": "managed",
      "type": "google_storage_bucket",
      "name": "vector_search_data_bucket",
      "provider": "provider[\"registry.terraform.io/hashicorp/google\"]",
      "instances": [
        {
          "schema_version": 3,
          "attributes": {
            "autoclass": [],
            "cors": [],
            "custom_placement_config": [],
            "default_event_based_hold": false,
            "effective_labels": {
              "goog-terraform-provisioned": "true"
            },
            "enable_object_retention": false,
            "encryption": [],
            "force_destroy": false,
            "hierarchical_namespace": [
              {
                "enabled": false
              }
            ],
            "id": "telefonica-425415-vector-search-data",
            "labels": null,
            "lifecycle_rule": [],
            "location": "US-CENTRAL1",
            "logging": [],
            "name": "telefonica-425415-vector-search-data",
            "project": "telefonica-425415",
            "project_number": 314194685860,
            "public_access_prevention": "inherited",
            "requester_pays": false,
            "retention_policy": [],
            "rpo": null,
            "self_link": "https://www.googleapis.com/storage/v1/b/telefonica-425415-vector-search-data",
            "soft_delete_policy": [
              {
                "effective_time": "2025-03-14T10:40:49.915Z",
                "retention_duration_seconds": 604800
              }
            ],
            "storage_class": "STANDARD",
            "terraform_labels": {
              "goog-terraform-provisioned": "true"
            },
            "timeouts": null,
            "uniform_bucket_level_access": true,
            "url": "gs://telefonica-425415-vector-search-data",
            "versioning": [],
            "website": []
          },
          "sensitive_attributes": [],
          "private": "eyJlMmJmYjczMC1lY2FhLTExZTYtOGY4OC0zNDM2M2JjN2M0YzAiOnsiY3JlYXRlIjo2MDAwMDAwMDAwMDAsInJlYWQiOjI0MDAwMDAwMDAwMCwidXBkYXRlIjoyNDAwMDAwMDAwMDB9LCJzY2hlbWFfdmVyc2lvbiI6IjMifQ==",
          "dependencies": [
            "google_project_service.services"
          ]
        }
      ]
    },
    {
      "mode": "managed",
      "type": "google_vertex_ai_index",
      "name": "vector_search_index",
      "provider": "provider[\"registry.terraform.io/hashicorp/google\"]",
      "instances": [
        {
          "schema_version": 0,
          "attributes": {
            "create_time": "2025-03-11T17:02:20.954963Z",
            "deployed_indexes": [
              {
                "deployed_index_id": "sample_vector_search_deployed",
                "index_endpoint": "projects/314194685860/locations/us-central1/indexEndpoints/5330498342155714560"
              }
            ],
            "description": "vector search index for test",
            "display_name": "sample_vector_search",
            "effective_labels": {
              "goog-terraform-provisioned": "true"
            },
            "etag": null,
            "id": "projects/telefonica-425415/locations/us-central1/indexes/2697088828794994688",
            "index_stats": [
              {
                "shards_count": 1,
                "vectors_count": ""
              }
            ],
            "index_update_method": "STREAM_UPDATE",
            "labels": {},
            "metadata": [
              {
                "config": [
                  {
                    "algorithm_config": [
                      {
                        "brute_force_config": [],
                        "tree_ah_config": [
                          {
                            "leaf_node_embedding_count": 1000,
                            "leaf_nodes_to_search_percent": 10
                          }
                        ]
                      }
                    ],
                    "approximate_neighbors_count": 150,
                    "dimensions": 768,
                    "distance_measure_type": "DOT_PRODUCT_DISTANCE",
                    "feature_norm_type": "NONE",
                    "shard_size": "SHARD_SIZE_SMALL"
                  }
                ],
                "contents_delta_uri": "",
                "is_complete_overwrite": false
              }
            ],
            "metadata_schema_uri": "gs://google-cloud-aiplatform/schema/matchingengine/metadata/nearest_neighbor_search_1.0.0.yaml",
            "name": "2697088828794994688",
            "project": "telefonica-425415",
            "region": "us-central1",
            "terraform_labels": {
              "goog-terraform-provisioned": "true"
            },
            "timeouts": null,
            "update_time": "2025-03-11T17:02:52.791865Z"
          },
          "sensitive_attributes": [],
          "private": "eyJlMmJmYjczMC1lY2FhLTExZTYtOGY4OC0zNDM2M2JjN2M0YzAiOnsiY3JlYXRlIjoxMDgwMDAwMDAwMDAwMCwiZGVsZXRlIjoxMDgwMDAwMDAwMDAwMCwidXBkYXRlIjoxMDgwMDAwMDAwMDAwMH19"
        }
      ]
    },
    {
      "mode": "managed",
      "type": "google_vertex_ai_index_endpoint",
      "name": "vector_search_index_endpoint",
      "provider": "provider[\"registry.terraform.io/hashicorp/google\"]",
      "instances": [
        {
          "schema_version": 0,
          "attributes": {
            "create_time": "2025-03-11T17:03:03.270520Z",
            "description": "",
            "display_name": "sample_vector_search_endpoint",
            "effective_labels": {
              "goog-terraform-provisioned": "true"
            },
            "etag": null,
            "id": "projects/telefonica-425415/locations/us-central1/indexEndpoints/5330498342155714560",
            "labels": {},
            "name": "5330498342155714560",
            "network": "",
            "private_service_connect_config": [
              {
                "enable_private_service_connect": false,
                "project_allowlist": []
              }
            ],
            "project": "telefonica-425415",
            "public_endpoint_domain_name": "77181225.us-central1-314194685860.vdb.vertexai.goog",
            "public_endpoint_enabled": true,
            "region": "us-central1",
            "terraform_labels": {
              "goog-terraform-provisioned": "true"
            },
            "timeouts": null,
            "update_time": "2025-03-11T17:03:03.925718Z"
          },
          "sensitive_attributes": [],
          "private": "eyJlMmJmYjczMC1lY2FhLTExZTYtOGY4OC0zNDM2M2JjN2M0YzAiOnsiY3JlYXRlIjoxMjAwMDAwMDAwMDAwLCJkZWxldGUiOjEyMDAwMDAwMDAwMDAsInVwZGF0ZSI6MTIwMDAwMDAwMDAwMH19",
          "dependencies": [
            "google_vertex_ai_index.vector_search_index"
          ]
        }
      ]
    },
    {
      "mode": "managed",
      "type": "google_vertex_ai_index_endpoint_deployed_index",
      "name": "vector_search_index_deployment",
      "provider": "provider[\"registry.terraform.io/hashicorp/google\"]",
      "instances": [
        {
          "schema_version": 0,
          "attributes": {
            "automatic_resources": [],
            "create_time": "2025-03-11T22:21:34.986044Z",
            "dedicated_resources": [
              {
                "machine_spec": [
                  {
                    "machine_type": "e2-standard-2"
                  }
                ],
                "max_replica_count": 1,
                "min_replica_count": 1
              }
            ],
            "deployed_index_auth_config": [],
            "deployed_index_id": "sample_vector_search_deployed",
            "deployment_group": "default",
            "display_name": "",
            "enable_access_logging": false,
            "id": "projects/telefonica-425415/locations/us-central1/indexEndpoints/5330498342155714560/deployedIndex/sample_vector_search_deployed",
            "index": "projects/314194685860/locations/us-central1/indexes/2697088828794994688",
            "index_endpoint": "projects/telefonica-425415/locations/us-central1/indexEndpoints/5330498342155714560",
            "index_sync_time": "2025-03-14T10:38:29.731818Z",
            "name": "",
            "private_endpoints": [],
            "reserved_ip_ranges": [],
            "timeouts": null
          },
          "sensitive_attributes": [],
          "private": "eyJlMmJmYjczMC1lY2FhLTExZTYtOGY4OC0zNDM2M2JjN2M0YzAiOnsiY3JlYXRlIjoyNzAwMDAwMDAwMDAwLCJkZWxldGUiOjEyMDAwMDAwMDAwMDAsInVwZGF0ZSI6MjcwMDAwMDAwMDAwMH19",
          "dependencies": [
            "google_vertex_ai_index.vector_search_index",
            "google_vertex_ai_index_endpoint.vector_search_index_endpoint"
          ]
        }
      ]
    },
    {
      "module": "module.feedback_export_to_bigquery",
      "mode": "managed",
      "type": "google_logging_project_sink",
      "name": "sink",
      "provider": "provider[\"registry.terraform.io/hashicorp/google\"]",
      "instances": [
        {
          "index_key": 0,
          "schema_version": 0,
          "attributes": {
            "bigquery_options": [
              {
                "use_partitioned_tables": true
              }
            ],
            "custom_writer_identity": null,
            "description": "",
            "destination": "bigquery.googleapis.com/projects/telefonica-425415/datasets/feedback_genai_app_sample_sink",
            "disabled": false,
            "exclusions": [],
            "filter": "jsonPayload.log_type=\"feedback\"",
            "id": "projects/telefonica-425415/sinks/feedback_logs_genai_app_sample",
            "name": "feedback_logs_genai_app_sample",
            "project": "telefonica-425415",
            "unique_writer_identity": true,
            "writer_identity": "serviceAccount:service-314194685860@gcp-sa-logging.iam.gserviceaccount.com"
          },
          "sensitive_attributes": [],
          "private": "bnVsbA==",
          "dependencies": [
            "google_project_service.services"
          ]
        }
      ]
    },
    {
      "module": "module.log_export_to_bigquery",
      "mode": "managed",
      "type": "google_logging_project_sink",
      "name": "sink",
      "provider": "provider[\"registry.terraform.io/hashicorp/google\"]",
      "instances": [
        {
          "index_key": 0,
          "schema_version": 0,
          "attributes": {
            "bigquery_options": [
              {
                "use_partitioned_tables": true
              }
            ],
            "custom_writer_identity": null,
            "description": "",
            "destination": "bigquery.googleapis.com/projects/telefonica-425415/datasets/telemetry_genai_app_sample_sink",
            "disabled": false,
            "exclusions": [],
            "filter": "jsonPayload.attributes.\"traceloop.association.properties.log_type\"=\"tracing\" jsonPayload.resource.attributes.\"service.name\"=\"vector-search-integration\"",
            "id": "projects/telefonica-425415/sinks/telemetry_logs_genai_app_sample",
            "name": "telemetry_logs_genai_app_sample",
            "project": "telefonica-425415",
            "unique_writer_identity": true,
            "writer_identity": "serviceAccount:service-314194685860@gcp-sa-logging.iam.gserviceaccount.com"
          },
          "sensitive_attributes": [],
          "private": "bnVsbA==",
          "dependencies": [
            "google_project_service.services"
          ]
        }
      ]
    }
  ],
  "check_results": null
}
